{
  "nodes": {
    "flake-parts": {
      "inputs": {
        "nixpkgs-lib": "nixpkgs-lib"
      },
      "locked": {
        "lastModified": 1736143030,
        "narHash": "sha256-+hu54pAoLDEZT9pjHlqL9DNzWz0NbUn8NEAHP7PQPzU=",
        "owner": "hercules-ci",
        "repo": "flake-parts",
        "rev": "b905f6fc23a9051a6e1b741e1438dbfc0634c6de",
        "type": "github"
      },
      "original": {
        "owner": "hercules-ci",
        "repo": "flake-parts",
        "type": "github"
      }
    },
    "nixpkgs": {
      "locked": {
        "lastModified": 1727174734,
        "narHash": "sha256-xa3TynMF5vaWonmTOg/Ejc1Fmo0GkQnCaVRVkBc3z2I=",
        "owner": "gepetto",
        "repo": "nixpkgs",
        "rev": "0ad139a0e4372abc12320c8c92ee90e0e5e296e1",
        "type": "github"
      },
      "original": {
        "owner": "gepetto",
        "ref": "master",
        "repo": "nixpkgs",
        "type": "github"
      }
    },
    "nixpkgs-lib": {
      "locked": {
        "lastModified": 1735774519,
        "narHash": "sha256-CewEm1o2eVAnoqb6Ml+Qi9Gg/EfNAxbRx1lANGVyoLI=",
        "type": "tarball",
        "url": "https://github.com/NixOS/nixpkgs/archive/e9b51731911566bbf7e4895475a87fe06961de0b.tar.gz"
      },
      "original": {
        "type": "tarball",
        "url": "https://github.com/NixOS/nixpkgs/archive/e9b51731911566bbf7e4895475a87fe06961de0b.tar.gz"
      }
    },
    "root": {
      "inputs": {
        "flake-parts": "flake-parts",
        "nixpkgs": "nixpkgs",
        "toolbox-parallel-robots": "toolbox-parallel-robots"
      }
    },
    "toolbox-parallel-robots": {
      "inputs": {
        "flake-parts": [
          "flake-parts"
        ],
        "nixpkgs": [
          "nixpkgs"
        ]
      },
      "locked": {
        "lastModified": 1737129939,
        "narHash": "sha256-0tuLf1W2Xvvh6s9FhQcPWdlutMnfu1WukjW+bnqxrL0=",
        "owner": "Gepetto",
        "repo": "toolbox-parallel-robots",
        "rev": "08c3320a82d2c6a034056f8da6f73b3f1f24f090",
        "type": "github"
      },
      "original": {
        "owner": "Gepetto",
        "repo": "toolbox-parallel-robots",
        "type": "github"
      }
    }
  },
  "root": "root",
  "version": 7
}
