{
  "nodes": {
    "flake-parts": {
      "inputs": {
        "nixpkgs-lib": "nixpkgs-lib"
      },
      "locked": {
        "lastModified": 1738453229,
        "narHash": "sha256-7H9XgNiGLKN1G1CgRh0vUL4AheZSYzPm+zmZ7vxbJdo=",
        "owner": "hercules-ci",
        "repo": "flake-parts",
        "rev": "32ea77a06711b758da0ad9bd6a844c5740a87abd",
        "type": "github"
      },
      "original": {
        "owner": "hercules-ci",
        "repo": "flake-parts",
        "type": "github"
      }
    },
    "nixpkgs": {
      "locked": {
        "lastModified": 1727174734,
        "narHash": "sha256-xa3TynMF5vaWonmTOg/Ejc1Fmo0GkQnCaVRVkBc3z2I=",
        "owner": "gepetto",
        "repo": "nixpkgs",
        "rev": "0ad139a0e4372abc12320c8c92ee90e0e5e296e1",
        "type": "github"
      },
      "original": {
        "owner": "gepetto",
        "ref": "master",
        "repo": "nixpkgs",
        "type": "github"
      }
    },
    "nixpkgs-lib": {
      "locked": {
        "lastModified": 1738452942,
        "narHash": "sha256-vJzFZGaCpnmo7I6i416HaBLpC+hvcURh/BQwROcGIp8=",
        "type": "tarball",
        "url": "https://github.com/NixOS/nixpkgs/archive/072a6db25e947df2f31aab9eccd0ab75d5b2da11.tar.gz"
      },
      "original": {
        "type": "tarball",
        "url": "https://github.com/NixOS/nixpkgs/archive/072a6db25e947df2f31aab9eccd0ab75d5b2da11.tar.gz"
      }
    },
    "root": {
      "inputs": {
        "flake-parts": "flake-parts",
        "nixpkgs": "nixpkgs",
        "toolbox-parallel-robots": "toolbox-parallel-robots"
      }
    },
    "toolbox-parallel-robots": {
      "inputs": {
        "flake-parts": [
          "flake-parts"
        ],
        "nixpkgs": [
          "nixpkgs"
        ]
      },
      "locked": {
        "lastModified": 1739231359,
        "narHash": "sha256-ziyp8pKapgWYr44QggbeuuHRHsXyaMu5xtjFxyKwzXA=",
        "owner": "Gepetto",
        "repo": "toolbox-parallel-robots",
        "rev": "2d431be59856492ccb10b6c9755977d81c222778",
        "type": "github"
      },
      "original": {
        "owner": "Gepetto",
        "repo": "toolbox-parallel-robots",
        "type": "github"
      }
    }
  },
  "root": "root",
  "version": 7
}
