{
  "nodes": {
    "flake-parts": {
      "inputs": {
        "nixpkgs-lib": "nixpkgs-lib"
      },
      "locked": {
        "lastModified": 1743550720,
        "narHash": "sha256-hIshGgKZCgWh6AYJpJmRgFdR3WUbkY04o82X05xqQiY=",
        "owner": "hercules-ci",
        "repo": "flake-parts",
        "rev": "c621e8422220273271f52058f618c94e405bb0f5",
        "type": "github"
      },
      "original": {
        "owner": "hercules-ci",
        "repo": "flake-parts",
        "type": "github"
      }
    },
    "nixpkgs": {
      "locked": {
        "lastModified": 1727174734,
        "narHash": "sha256-xa3TynMF5vaWonmTOg/Ejc1Fmo0GkQnCaVRVkBc3z2I=",
        "owner": "gepetto",
        "repo": "nixpkgs",
        "rev": "0ad139a0e4372abc12320c8c92ee90e0e5e296e1",
        "type": "github"
      },
      "original": {
        "owner": "gepetto",
        "ref": "master",
        "repo": "nixpkgs",
        "type": "github"
      }
    },
    "nixpkgs-lib": {
      "locked": {
        "lastModified": 1743296961,
        "narHash": "sha256-b1EdN3cULCqtorQ4QeWgLMrd5ZGOjLSLemfa00heasc=",
        "owner": "nix-community",
        "repo": "nixpkgs.lib",
        "rev": "e4822aea2a6d1cdd36653c134cacfd64c97ff4fa",
        "type": "github"
      },
      "original": {
        "owner": "nix-community",
        "repo": "nixpkgs.lib",
        "type": "github"
      }
    },
    "root": {
      "inputs": {
        "flake-parts": "flake-parts",
        "nixpkgs": "nixpkgs",
        "toolbox-parallel-robots": "toolbox-parallel-robots"
      }
    },
    "toolbox-parallel-robots": {
      "inputs": {
        "flake-parts": [
          "flake-parts"
        ],
        "nixpkgs": [
          "nixpkgs"
        ]
      },
      "locked": {
        "lastModified": 1744662702,
        "narHash": "sha256-JfmP9pwXiHnwurZkx67Cmy+URov0ngA4zB4zUYlfLTY=",
        "owner": "Gepetto",
        "repo": "toolbox-parallel-robots",
        "rev": "fb079cb83f1ad0ddd45ed6fbda5b051519c92e69",
        "type": "github"
      },
      "original": {
        "owner": "Gepetto",
        "repo": "toolbox-parallel-robots",
        "type": "github"
      }
    }
  },
  "root": "root",
  "version": 7
}
